
Microsoft Visual Studio Solution File, Format Version 12.00
# Visual Studio Version 17
VisualStudioVersion = 17.8.34330.188
MinimumVisualStudioVersion = 10.0.40219.1
Project("{FAE04EC0-301F-11D3-BF4B-00C04F79EFBC}") = "AzureFunction_RabbitMQ_Demo", "AzureFunction_RabbitMQ_Demo\AzureFunction_RabbitMQ_Demo.csproj", "{95383FA2-88A1-475F-BCEB-BFEC254AD1D4}"
EndProject
Global
	GlobalSection(SolutionConfigurationPlatforms) = preSolution
		Debug|Any CPU = Debug|Any CPU
		Release|Any CPU = Release|Any CPU
	EndGlobalSection
	GlobalSection(ProjectConfigurationPlatforms) = postSolution
		{95383FA2-88A1-475F-BCEB-BFEC254AD1D4}.Debug|Any CPU.ActiveCfg = Debug|Any CPU
		{95383FA2-88A1-475F-BCEB-BFEC254AD1D4}.Debug|Any CPU.Build.0 = Debug|Any CPU
		{95383FA2-88A1-475F-BCEB-BFEC254AD1D4}.Release|Any CPU.ActiveCfg = Release|Any CPU
		{95383FA2-88A1-475F-BCEB-BFEC254AD1D4}.Release|Any CPU.Build.0 = Release|Any CPU
	EndGlobalSection
	GlobalSection(SolutionProperties) = preSolution
		HideSolutionNode = FALSE
	EndGlobalSection
	GlobalSection(ExtensibilityGlobals) = postSolution
		SolutionGuid = {3E5A4E92-6082-4883-9E14-805138FAABDC}
	EndGlobalSection
EndGlobal
